<?xml version="1.0" encoding="UTF-8" standalone="yes" ?>
<CodeBlocks_project_file>
	<FileVersion major="1" minor="6" />
	<Project>
		<Option title="eddypro_fcc" />
		<Option pch_mode="2" />
		<Option compiler="gfortran" />
		<Option show_notes="0">
			<notes>
				<![CDATA[+ reimpostare il nome delle subroutine senza riferimento a ene, ini ecc..
+ in particolare focalizza su read_ene e read_ini
+ scorporare quante più subroutine possibili
+ controllare funzionamento "MakeACopy" nel caso la path contenesse "." o "_"
+ settare accuratamente tutte le opzioni su codeblock per tutti i progetti
+ controllare file di output
+ riorganizzare planar_fit
+ riorganizzare spectral_analysis 

- IN PLANARFIT: MinRecs in percentuale invece che assoluto
- controllare WPL

-------------------------------------------------------------------------------------------------
- separare la scrittura dei partial output
- portare in m_common_global_var variabili common come: 
	DataFileList
	NumFile
	Neff
	AllRaw
- portare variabili globali del SINGOLO SW in m_xx_global_var
- introdurre subroutine NextFreeUnit
- in rawscreening-->testtimelag: importare anche limiti min e max del timelag dall'ini


]]>
			</notes>
		</Option>
		<Build>
			<Target title="release">
				<Option output="../bin/win/eddypro_fcc" prefix_auto="1" extension_auto="1" />
				<Option working_dir="../bin/win/" />
				<Option object_output="../obj/win/fluxes/" />
				<Option type="1" />
				<Option compiler="gfortran" />
				<Compiler>
					<Add option="-O2" />
				</Compiler>
				<Linker>
					<Add option="-s" />
				</Linker>
			</Target>
		</Build>
		<Compiler>
			<Add option="-Wall" />
			<Add option="-pedantic -fall-intrinsics -fbacktrace -fbounds-check -Wall -Wextra -Wcharacter-truncation -Wunderflow -std=f2003" />
		</Compiler>
		<Linker>
			<Add option="-static" />
		</Linker>
		<ExtraCommands>
			<Add before="current_date_and_version_as_parameters.bat" />
		</ExtraCommands>
		<Unit filename="../src/src_common/bpcf_Horst_97.f90">
			<Option weight="3" />
		</Unit>
		<Unit filename="../src/src_common/bpcf_Ibrom_07.f90">
			<Option weight="3" />
		</Unit>
		<Unit filename="../src/src_common/bpcf_additional_horst_lenschow_09.f90">
			<Option weight="3" />
		</Unit>
		<Unit filename="../src/src_common/bpcf_analytic_transfer_functions.f90">
			<Option weight="3" />
		</Unit>
		<Unit filename="../src/src_common/bpcf_anemometric_fluxes.f90">
			<Option weight="3" />
		</Unit>
		<Unit filename="../src/src_common/bpcf_aux_subs.f90">
			<Option weight="3" />
		</Unit>
		<Unit filename="../src/src_common/bpcf_bandpass_spectral_corrections.f90">
			<Option weight="3" />
		</Unit>
		<Unit filename="../src/src_common/bpcf_cospectral_models.f90">
			<Option weight="3" />
		</Unit>
		<Unit filename="../src/src_common/bpcf_fratini_12.f90">
			<Option weight="3" />
		</Unit>
		<Unit filename="../src/src_common/bpcf_massman_00.f90">
			<Option weight="3" />
		</Unit>
		<Unit filename="../src/src_common/bpcf_moncrieff_97.f90">
			<Option weight="3" />
		</Unit>
		<Unit filename="../src/src_common/bpcf_only_lowfrequency_correction.f90">
			<Option weight="3" />
		</Unit>
		<Unit filename="../src/src_common/bpcf_read_full_cos_wt.f90">
			<Option weight="3" />
		</Unit>
		<Unit filename="../src/src_common/change_24_into_00.f90">
			<Option weight="3" />
		</Unit>
		<Unit filename="../src/src_common/configure_for_embedded.f90">
			<Option weight="3" />
		</Unit>
		<Unit filename="../src/src_common/create_datasets_common.f90">
			<Option weight="3" />
		</Unit>
		<Unit filename="../src/src_common/create_master_timeseries.f90">
			<Option weight="3" />
		</Unit>
		<Unit filename="../src/src_common/date_subs.f90">
			<Option weight="3" />
		</Unit>
		<Unit filename="../src/src_common/dir_sub.f90">
			<Option weight="3" />
		</Unit>
		<Unit filename="../src/src_common/exception_handler.f90">
			<Option weight="0" />
		</Unit>
		<Unit filename="../src/src_common/extract_column_from_essentials.f90">
			<Option weight="3" />
		</Unit>
		<Unit filename="../src/src_common/fcn.f90">
			<Option weight="3" />
		</Unit>
		<Unit filename="../src/src_common/filelist_by_ext.f90">
			<Option weight="3" />
		</Unit>
		<Unit filename="../src/src_common/files_in_chronological_order.f90">
			<Option weight="3" />
		</Unit>
		<Unit filename="../src/src_common/footprint_handle.f90">
			<Option weight="3" />
		</Unit>
		<Unit filename="../src/src_common/init_continuous_dataset.f90">
			<Option weight="3" />
		</Unit>
		<Unit filename="../src/src_common/init_env.f90">
			<Option weight="3" />
		</Unit>
		<Unit filename="../src/src_common/kaimal_models.f90">
			<Option weight="3" />
		</Unit>
		<Unit filename="../src/src_common/m_common_global_var.f90">
			<Option weight="2" />
		</Unit>
		<Unit filename="../src/src_common/m_dates.f90">
			<Option weight="0" />
		</Unit>
		<Unit filename="../src/src_common/m_fp2_to_float.f90">
			<Option weight="1" />
		</Unit>
		<Unit filename="../src/src_common/m_index_parameters.f90">
			<Option weight="1" />
		</Unit>
		<Unit filename="../src/src_common/m_levenberg_marquardt.F90">
			<Option weight="0" />
		</Unit>
		<Unit filename="../src/src_common/m_libdate.f90">
			<Option weight="0" />
		</Unit>
		<Unit filename="../src/src_common/m_methane_tables.f90">
			<Option weight="1" />
		</Unit>
		<Unit filename="../src/src_common/m_numeric_kinds.f90">
			<Option weight="0" />
		</Unit>
		<Unit filename="../src/src_common/m_typedef.f90">
			<Option weight="1" />
		</Unit>
		<Unit filename="../src/src_common/make_dataset.f90">
			<Option weight="3" />
		</Unit>
		<Unit filename="../src/src_common/parse_file_name_with_prototype.f90">
			<Option weight="3" />
		</Unit>
		<Unit filename="../src/src_common/parse_ini_file.f90">
			<Option weight="3" />
		</Unit>
		<Unit filename="../src/src_common/qc_flags_subs.f90">
			<Option weight="3" />
		</Unit>
		<Unit filename="../src/src_common/read_ex_record.f90">
			<Option weight="3" />
		</Unit>
		<Unit filename="../src/src_common/rename_tmp_files_common.f90">
			<Option weight="3" />
		</Unit>
		<Unit filename="../src/src_common/ridders_diff.f90">
			<Option weight="3" />
		</Unit>
		<Unit filename="../src/src_common/set_os_environment.f90">
			<Option weight="3" />
		</Unit>
		<Unit filename="../src/src_common/show_daily_advancement.f90">
			<Option weight="3" />
		</Unit>
		<Unit filename="../src/src_common/stats_operator_no_error.f90">
			<Option weight="3" />
		</Unit>
		<Unit filename="../src/src_common/string_sub.f90">
			<Option weight="3" />
		</Unit>
		<Unit filename="../src/src_common/tag_run_mode.f90">
			<Option weight="3" />
		</Unit>
		<Unit filename="../src/src_common/timestamp.f90">
			<Option weight="1" />
		</Unit>
		<Unit filename="../src/src_common/ts_extract_subperiod_indexes.f90">
			<Option weight="3" />
		</Unit>
		<Unit filename="../src/src_common/ts_extract_subperiod_indexes_from_filelist.f90">
			<Option weight="3" />
		</Unit>
		<Unit filename="../src/src_common/write_processing_project_variables.f90">
			<Option weight="3" />
		</Unit>
		<Unit filename="../src/src_fcc/add_to_cospectra_fit_dataset.f90">
			<Option weight="4" />
		</Unit>
		<Unit filename="../src/src_fcc/available_mean_spectra_cospectra.f90">
			<Option weight="4" />
		</Unit>
		<Unit filename="../src/src_fcc/correction_factor_model.f90">
			<Option weight="4" />
		</Unit>
		<Unit filename="../src/src_fcc/cospectra_qaqc.f90">
			<Option weight="4" />
		</Unit>
		<Unit filename="../src/src_fcc/cospectra_sorting_and_averaging.f90">
			<Option weight="4" />
		</Unit>
		<Unit filename="../src/src_fcc/eddypro-fcc_main.f90">
			<Option weight="4" />
		</Unit>
		<Unit filename="../src/src_fcc/ensemble_cospectra_by_stability.f90">
			<Option weight="4" />
		</Unit>
		<Unit filename="../src/src_fcc/fit_cospectral_models.f90">
			<Option weight="4" />
		</Unit>
		<Unit filename="../src/src_fcc/fit_rh_to_cutoff.f90">
			<Option weight="4" />
		</Unit>
		<Unit filename="../src/src_fcc/fit_tf_models.f90">
			<Option weight="4" />
		</Unit>
		<Unit filename="../src/src_fcc/fluxes1.f90">
			<Option weight="4" />
		</Unit>
		<Unit filename="../src/src_fcc/fluxes23.f90">
			<Option weight="4" />
		</Unit>
		<Unit filename="../src/src_fcc/init_ex_vars.f90">
			<Option weight="4" />
		</Unit>
		<Unit filename="../src/src_fcc/init_out_files.f90">
			<Option weight="4" />
		</Unit>
		<Unit filename="../src/src_fcc/m_fx_global_var_mod.f90">
			<Option weight="3" />
		</Unit>
		<Unit filename="../src/src_fcc/normalize_mean_spectra_cospectra.f90">
			<Option weight="4" />
		</Unit>
		<Unit filename="../src/src_fcc/output_spectral_assessment_results.f90">
			<Option weight="4" />
		</Unit>
		<Unit filename="../src/src_fcc/read_binned_file.f90">
			<Option weight="4" />
		</Unit>
		<Unit filename="../src/src_fcc/read_fx_ini.f90">
			<Option weight="4" />
		</Unit>
		<Unit filename="../src/src_fcc/read_spectral_assessment_file.f90">
			<Option weight="4" />
		</Unit>
		<Unit filename="../src/src_fcc/report_imported_spectra.f90">
			<Option weight="4" />
		</Unit>
		<Unit filename="../src/src_fcc/retrieve_ex_var_by_timestamp.f90">
			<Option weight="4" />
		</Unit>
		<Unit filename="../src/src_fcc/spectra_sorting_and_averaging.f90">
			<Option weight="4" />
		</Unit>
		<Unit filename="../src/src_fcc/subtract_high_freq_noise.f90">
			<Option weight="4" />
		</Unit>
		<Unit filename="../src/src_fcc/write_ameriflux_output.f90">
			<Option weight="4" />
		</Unit>
		<Unit filename="../src/src_fcc/write_output_files_fcc.f90">
			<Option weight="4" />
		</Unit>
		<Extensions>
			<code_completion />
			<envvars />
			<debugger />
			<lib_finder disable_auto="1" />
			<AutoVersioning>
				<Scheme minor_max="10" build_max="0" rev_max="0" rev_rand_max="10" build_times_to_increment_minor="100" />
				<Settings autoincrement="1" date_declarations="1" use_define="0" update_manifest="1" do_auto_increment="0" ask_to_increment="0" language="C++" svn="0" svn_directory="" header_path="version.h" />
				<Changes_Log show_changes_editor="0" app_title="released version %M.%m.%b of %p" changeslog_path="ChangesLog.txt" />
				<Code header_guard="VERSION_H" namespace="AutoVersion" prefix="" />
			</AutoVersioning>
			<DoxyBlocks>
				<comment_style block="0" line="0" />
				<doxyfile_project />
				<doxyfile_build />
				<doxyfile_warnings />
				<doxyfile_output />
				<doxyfile_dot />
				<general />
			</DoxyBlocks>
		</Extensions>
	</Project>
</CodeBlocks_project_file>
